
Microsoft Visual Studio Solution File, Format Version 12.00
# Visual Studio Version 17
VisualStudioVersion = 17.3.32922.545
MinimumVisualStudioVersion = 10.0.40219.1
Project("{8BC9CEB8-8B4A-11D0-8D11-00A0C91BC942}") = "Project1", "Project1\Project1.vcxproj", "{933D37C3-8EB1-4D60-B96E-F5F5A8ECCE1D}"
EndProject
Project("{8BC9CEB8-8B4A-11D0-8D11-00A0C91BC942}") = "Project2", "Project2\Project2.vcxproj", "{8D6B24C3-1E49-4B80-9D78-F4429BE1DDF7}"
EndProject
Project("{8BC9CEB8-8B4A-11D0-8D11-00A0C91BC942}") = "Project3", "Project3\Project3.vcxproj", "{727B6E4C-7F04-43A4-9F46-2688FFE5F973}"
EndProject
Project("{8BC9CEB8-8B4A-11D0-8D11-00A0C91BC942}") = "Project4", "Project4\Project4.vcxproj", "{BD3E296E-E43C-48D4-92CA-D894AECFE204}"
EndProject
Project("{8BC9CEB8-8B4A-11D0-8D11-00A0C91BC942}") = "Project5", "Project5\Project5.vcxproj", "{CB0DAFDF-0B44-4B9A-840E-A9CC3143B5E0}"
EndProject
Project("{8BC9CEB8-8B4A-11D0-8D11-00A0C91BC942}") = "Project6", "Project6\Project6.vcxproj", "{A9228460-F101-4451-A5F8-EE99AC2CC3C8}"
EndProject
Project("{8BC9CEB8-8B4A-11D0-8D11-00A0C91BC942}") = "Project7", "Project7\Project7.vcxproj", "{A17AEDC3-2534-48B7-A101-708DEBDADF91}"
EndProject
Project("{8BC9CEB8-8B4A-11D0-8D11-00A0C91BC942}") = "Project8", "Project8\Project8.vcxproj", "{226E6C84-10D5-4C98-ABA4-51CD4DF8DAD0}"
EndProject
Project("{8BC9CEB8-8B4A-11D0-8D11-00A0C91BC942}") = "Project9", "Project9\Project9.vcxproj", "{77585AE5-44C1-48C1-865D-A5645554C14E}"
EndProject
Project("{8BC9CEB8-8B4A-11D0-8D11-00A0C91BC942}") = "Project10", "Project10\Project10.vcxproj", "{36D29B8C-1333-4709-820F-6C97D14C409C}"
EndProject
Project("{8BC9CEB8-8B4A-11D0-8D11-00A0C91BC942}") = "Project11", "Project11\Project11.vcxproj", "{00369AF0-F0FA-4943-BFB2-F892A62885E0}"
EndProject
Global
	GlobalSection(SolutionConfigurationPlatforms) = preSolution
		Debug|x64 = Debug|x64
		Debug|x86 = Debug|x86
		Release|x64 = Release|x64
		Release|x86 = Release|x86
	EndGlobalSection
	GlobalSection(ProjectConfigurationPlatforms) = postSolution
		{933D37C3-8EB1-4D60-B96E-F5F5A8ECCE1D}.Debug|x64.ActiveCfg = Debug|x64
		{933D37C3-8EB1-4D60-B96E-F5F5A8ECCE1D}.Debug|x64.Build.0 = Debug|x64
		{933D37C3-8EB1-4D60-B96E-F5F5A8ECCE1D}.Debug|x86.ActiveCfg = Debug|Win32
		{933D37C3-8EB1-4D60-B96E-F5F5A8ECCE1D}.Debug|x86.Build.0 = Debug|Win32
		{933D37C3-8EB1-4D60-B96E-F5F5A8ECCE1D}.Release|x64.ActiveCfg = Release|x64
		{933D37C3-8EB1-4D60-B96E-F5F5A8ECCE1D}.Release|x64.Build.0 = Release|x64
		{933D37C3-8EB1-4D60-B96E-F5F5A8ECCE1D}.Release|x86.ActiveCfg = Release|Win32
		{933D37C3-8EB1-4D60-B96E-F5F5A8ECCE1D}.Release|x86.Build.0 = Release|Win32
		{8D6B24C3-1E49-4B80-9D78-F4429BE1DDF7}.Debug|x64.ActiveCfg = Debug|x64
		{8D6B24C3-1E49-4B80-9D78-F4429BE1DDF7}.Debug|x64.Build.0 = Debug|x64
		{8D6B24C3-1E49-4B80-9D78-F4429BE1DDF7}.Debug|x86.ActiveCfg = Debug|Win32
		{8D6B24C3-1E49-4B80-9D78-F4429BE1DDF7}.Debug|x86.Build.0 = Debug|Win32
		{8D6B24C3-1E49-4B80-9D78-F4429BE1DDF7}.Release|x64.ActiveCfg = Release|x64
		{8D6B24C3-1E49-4B80-9D78-F4429BE1DDF7}.Release|x64.Build.0 = Release|x64
		{8D6B24C3-1E49-4B80-9D78-F4429BE1DDF7}.Release|x86.ActiveCfg = Release|Win32
		{8D6B24C3-1E49-4B80-9D78-F4429BE1DDF7}.Release|x86.Build.0 = Release|Win32
		{727B6E4C-7F04-43A4-9F46-2688FFE5F973}.Debug|x64.ActiveCfg = Debug|x64
		{727B6E4C-7F04-43A4-9F46-2688FFE5F973}.Debug|x64.Build.0 = Debug|x64
		{727B6E4C-7F04-43A4-9F46-2688FFE5F973}.Debug|x86.ActiveCfg = Debug|Win32
		{727B6E4C-7F04-43A4-9F46-2688FFE5F973}.Debug|x86.Build.0 = Debug|Win32
		{727B6E4C-7F04-43A4-9F46-2688FFE5F973}.Release|x64.ActiveCfg = Release|x64
		{727B6E4C-7F04-43A4-9F46-2688FFE5F973}.Release|x64.Build.0 = Release|x64
		{727B6E4C-7F04-43A4-9F46-2688FFE5F973}.Release|x86.ActiveCfg = Release|Win32
		{727B6E4C-7F04-43A4-9F46-2688FFE5F973}.Release|x86.Build.0 = Release|Win32
		{BD3E296E-E43C-48D4-92CA-D894AECFE204}.Debug|x64.ActiveCfg = Debug|x64
		{BD3E296E-E43C-48D4-92CA-D894AECFE204}.Debug|x64.Build.0 = Debug|x64
		{BD3E296E-E43C-48D4-92CA-D894AECFE204}.Debug|x86.ActiveCfg = Debug|Win32
		{BD3E296E-E43C-48D4-92CA-D894AECFE204}.Debug|x86.Build.0 = Debug|Win32
		{BD3E296E-E43C-48D4-92CA-D894AECFE204}.Release|x64.ActiveCfg = Release|x64
		{BD3E296E-E43C-48D4-92CA-D894AECFE204}.Release|x64.Build.0 = Release|x64
		{BD3E296E-E43C-48D4-92CA-D894AECFE204}.Release|x86.ActiveCfg = Release|Win32
		{BD3E296E-E43C-48D4-92CA-D894AECFE204}.Release|x86.Build.0 = Release|Win32
		{CB0DAFDF-0B44-4B9A-840E-A9CC3143B5E0}.Debug|x64.ActiveCfg = Debug|x64
		{CB0DAFDF-0B44-4B9A-840E-A9CC3143B5E0}.Debug|x64.Build.0 = Debug|x64
		{CB0DAFDF-0B44-4B9A-840E-A9CC3143B5E0}.Debug|x86.ActiveCfg = Debug|Win32
		{CB0DAFDF-0B44-4B9A-840E-A9CC3143B5E0}.Debug|x86.Build.0 = Debug|Win32
		{CB0DAFDF-0B44-4B9A-840E-A9CC3143B5E0}.Release|x64.ActiveCfg = Release|x64
		{CB0DAFDF-0B44-4B9A-840E-A9CC3143B5E0}.Release|x64.Build.0 = Release|x64
		{CB0DAFDF-0B44-4B9A-840E-A9CC3143B5E0}.Release|x86.ActiveCfg = Release|Win32
		{CB0DAFDF-0B44-4B9A-840E-A9CC3143B5E0}.Release|x86.Build.0 = Release|Win32
		{A9228460-F101-4451-A5F8-EE99AC2CC3C8}.Debug|x64.ActiveCfg = Debug|x64
		{A9228460-F101-4451-A5F8-EE99AC2CC3C8}.Debug|x64.Build.0 = Debug|x64
		{A9228460-F101-4451-A5F8-EE99AC2CC3C8}.Debug|x86.ActiveCfg = Debug|Win32
		{A9228460-F101-4451-A5F8-EE99AC2CC3C8}.Debug|x86.Build.0 = Debug|Win32
		{A9228460-F101-4451-A5F8-EE99AC2CC3C8}.Release|x64.ActiveCfg = Release|x64
		{A9228460-F101-4451-A5F8-EE99AC2CC3C8}.Release|x64.Build.0 = Release|x64
		{A9228460-F101-4451-A5F8-EE99AC2CC3C8}.Release|x86.ActiveCfg = Release|Win32
		{A9228460-F101-4451-A5F8-EE99AC2CC3C8}.Release|x86.Build.0 = Release|Win32
		{A17AEDC3-2534-48B7-A101-708DEBDADF91}.Debug|x64.ActiveCfg = Debug|x64
		{A17AEDC3-2534-48B7-A101-708DEBDADF91}.Debug|x64.Build.0 = Debug|x64
		{A17AEDC3-2534-48B7-A101-708DEBDADF91}.Debug|x86.ActiveCfg = Debug|Win32
		{A17AEDC3-2534-48B7-A101-708DEBDADF91}.Debug|x86.Build.0 = Debug|Win32
		{A17AEDC3-2534-48B7-A101-708DEBDADF91}.Release|x64.ActiveCfg = Release|x64
		{A17AEDC3-2534-48B7-A101-708DEBDADF91}.Release|x64.Build.0 = Release|x64
		{A17AEDC3-2534-48B7-A101-708DEBDADF91}.Release|x86.ActiveCfg = Release|Win32
		{A17AEDC3-2534-48B7-A101-708DEBDADF91}.Release|x86.Build.0 = Release|Win32
		{226E6C84-10D5-4C98-ABA4-51CD4DF8DAD0}.Debug|x64.ActiveCfg = Debug|x64
		{226E6C84-10D5-4C98-ABA4-51CD4DF8DAD0}.Debug|x64.Build.0 = Debug|x64
		{226E6C84-10D5-4C98-ABA4-51CD4DF8DAD0}.Debug|x86.ActiveCfg = Debug|Win32
		{226E6C84-10D5-4C98-ABA4-51CD4DF8DAD0}.Debug|x86.Build.0 = Debug|Win32
		{226E6C84-10D5-4C98-ABA4-51CD4DF8DAD0}.Release|x64.ActiveCfg = Release|x64
		{226E6C84-10D5-4C98-ABA4-51CD4DF8DAD0}.Release|x64.Build.0 = Release|x64
		{226E6C84-10D5-4C98-ABA4-51CD4DF8DAD0}.Release|x86.ActiveCfg = Release|Win32
		{226E6C84-10D5-4C98-ABA4-51CD4DF8DAD0}.Release|x86.Build.0 = Release|Win32
		{77585AE5-44C1-48C1-865D-A5645554C14E}.Debug|x64.ActiveCfg = Debug|x64
		{77585AE5-44C1-48C1-865D-A5645554C14E}.Debug|x64.Build.0 = Debug|x64
		{77585AE5-44C1-48C1-865D-A5645554C14E}.Debug|x86.ActiveCfg = Debug|Win32
		{77585AE5-44C1-48C1-865D-A5645554C14E}.Debug|x86.Build.0 = Debug|Win32
		{77585AE5-44C1-48C1-865D-A5645554C14E}.Release|x64.ActiveCfg = Release|x64
		{77585AE5-44C1-48C1-865D-A5645554C14E}.Release|x64.Build.0 = Release|x64
		{77585AE5-44C1-48C1-865D-A5645554C14E}.Release|x86.ActiveCfg = Release|Win32
		{77585AE5-44C1-48C1-865D-A5645554C14E}.Release|x86.Build.0 = Release|Win32
		{36D29B8C-1333-4709-820F-6C97D14C409C}.Debug|x64.ActiveCfg = Debug|x64
		{36D29B8C-1333-4709-820F-6C97D14C409C}.Debug|x64.Build.0 = Debug|x64
		{36D29B8C-1333-4709-820F-6C97D14C409C}.Debug|x86.ActiveCfg = Debug|Win32
		{36D29B8C-1333-4709-820F-6C97D14C409C}.Debug|x86.Build.0 = Debug|Win32
		{36D29B8C-1333-4709-820F-6C97D14C409C}.Release|x64.ActiveCfg = Release|x64
		{36D29B8C-1333-4709-820F-6C97D14C409C}.Release|x64.Build.0 = Release|x64
		{36D29B8C-1333-4709-820F-6C97D14C409C}.Release|x86.ActiveCfg = Release|Win32
		{36D29B8C-1333-4709-820F-6C97D14C409C}.Release|x86.Build.0 = Release|Win32
		{00369AF0-F0FA-4943-BFB2-F892A62885E0}.Debug|x64.ActiveCfg = Debug|x64
		{00369AF0-F0FA-4943-BFB2-F892A62885E0}.Debug|x64.Build.0 = Debug|x64
		{00369AF0-F0FA-4943-BFB2-F892A62885E0}.Debug|x86.ActiveCfg = Debug|Win32
		{00369AF0-F0FA-4943-BFB2-F892A62885E0}.Debug|x86.Build.0 = Debug|Win32
		{00369AF0-F0FA-4943-BFB2-F892A62885E0}.Release|x64.ActiveCfg = Release|x64
		{00369AF0-F0FA-4943-BFB2-F892A62885E0}.Release|x64.Build.0 = Release|x64
		{00369AF0-F0FA-4943-BFB2-F892A62885E0}.Release|x86.ActiveCfg = Release|Win32
		{00369AF0-F0FA-4943-BFB2-F892A62885E0}.Release|x86.Build.0 = Release|Win32
	EndGlobalSection
	GlobalSection(SolutionProperties) = preSolution
		HideSolutionNode = FALSE
	EndGlobalSection
	GlobalSection(ExtensibilityGlobals) = postSolution
		SolutionGuid = {AE5A742D-2509-4794-9A25-03BCF061549E}
	EndGlobalSection
EndGlobal
