
Microsoft Visual Studio Solution File, Format Version 12.00
# Visual Studio Version 17
VisualStudioVersion = 17.3.32922.545
MinimumVisualStudioVersion = 10.0.40219.1
Project("{8BC9CEB8-8B4A-11D0-8D11-00A0C91BC942}") = "Project1(print_hello)", "Project1\Project1.vcxproj", "{933D37C3-8EB1-4D60-B96E-F5F5A8ECCE1D}"
EndProject
Project("{8BC9CEB8-8B4A-11D0-8D11-00A0C91BC942}") = "Project2(gugu)", "Project2\Project2.vcxproj", "{8D6B24C3-1E49-4B80-9D78-F4429BE1DDF7}"
EndProject
Project("{8BC9CEB8-8B4A-11D0-8D11-00A0C91BC942}") = "Project3(square)", "Project3\Project3.vcxproj", "{727B6E4C-7F04-43A4-9F46-2688FFE5F973}"
EndProject
Project("{8BC9CEB8-8B4A-11D0-8D11-00A0C91BC942}") = "Project4(sum)", "Project4\Project4.vcxproj", "{BD3E296E-E43C-48D4-92CA-D894AECFE204}"
EndProject
Project("{8BC9CEB8-8B4A-11D0-8D11-00A0C91BC942}") = "Project5(sum2)", "Project5\Project5.vcxproj", "{CB0DAFDF-0B44-4B9A-840E-A9CC3143B5E0}"
EndProject
Project("{8BC9CEB8-8B4A-11D0-8D11-00A0C91BC942}") = "Project6(sum1)", "Project6\Project6.vcxproj", "{A9228460-F101-4451-A5F8-EE99AC2CC3C8}"
EndProject
Project("{8BC9CEB8-8B4A-11D0-8D11-00A0C91BC942}") = "Project7(true_false)", "Project7\Project7.vcxproj", "{A17AEDC3-2534-48B7-A101-708DEBDADF91}"
EndProject
Project("{8BC9CEB8-8B4A-11D0-8D11-00A0C91BC942}") = "Project8(average)", "Project8\Project8.vcxproj", "{226E6C84-10D5-4C98-ABA4-51CD4DF8DAD0}"
EndProject
Project("{8BC9CEB8-8B4A-11D0-8D11-00A0C91BC942}") = "Project9(gcd)", "Project9\Project9.vcxproj", "{77585AE5-44C1-48C1-865D-A5645554C14E}"
EndProject
Project("{8BC9CEB8-8B4A-11D0-8D11-00A0C91BC942}") = "Project10(halflife)", "Project10\Project10.vcxproj", "{36D29B8C-1333-4709-820F-6C97D14C409C}"
EndProject
Project("{8BC9CEB8-8B4A-11D0-8D11-00A0C91BC942}") = "Project11(do_while)", "Project11\Project11.vcxproj", "{00369AF0-F0FA-4943-BFB2-F892A62885E0}"
EndProject
Project("{8BC9CEB8-8B4A-11D0-8D11-00A0C91BC942}") = "Project12(menu)", "Project12\Project12.vcxproj", "{3C4BDF52-E083-4D62-975B-9922FAA25D34}"
EndProject
Project("{8BC9CEB8-8B4A-11D0-8D11-00A0C91BC942}") = "Project13(game)", "Project13\Project13.vcxproj", "{A7A9FCA2-8393-40FA-A25F-528EC7097C34}"
EndProject
Project("{8BC9CEB8-8B4A-11D0-8D11-00A0C91BC942}") = "Project14(for_ex1)", "Project14(for_ex1)\Project14(for_ex1).vcxproj", "{308AAC50-4B80-4677-BEC6-460B79C8C9A1}"
EndProject
Project("{8BC9CEB8-8B4A-11D0-8D11-00A0C91BC942}") = "Project15(sum_for)", "Project14(sum_for)\Project14(sum_for).vcxproj", "{0392A94F-DD31-44FE-BBD2-FF4CC759E655}"
EndProject
Project("{8BC9CEB8-8B4A-11D0-8D11-00A0C91BC942}") = "Project16(cubing)", "Project14(cubing)\Project14(cubing).vcxproj", "{8733EE14-8DCF-4BC0-B0B2-1C0439FD201E}"
EndProject
Project("{8BC9CEB8-8B4A-11D0-8D11-00A0C91BC942}") = "Project17(draw_box)", "Project17\Project17.vcxproj", "{05DE6310-2EBF-4E93-A320-CE98126D3F83}"
EndProject
Project("{8BC9CEB8-8B4A-11D0-8D11-00A0C91BC942}") = "Project18(factorial)", "Project18\Project18.vcxproj", "{303E14B9-79AB-4179-9E64-4E7A48B6CD06}"
EndProject
Project("{8BC9CEB8-8B4A-11D0-8D11-00A0C91BC942}") = "Project19(factorial_while)", "Project19(factorial_while)\Project19(factorial_while).vcxproj", "{3AA961DA-77BF-4950-9FED-45E07FF4374F}"
EndProject
Project("{8BC9CEB8-8B4A-11D0-8D11-00A0C91BC942}") = "Project20(nexted_loop1)", "Project20(nexted_loop1)\Project20(nexted_loop1).vcxproj", "{9B10E313-DA90-412D-AC53-2418DF18E0A0}"
EndProject
Project("{8BC9CEB8-8B4A-11D0-8D11-00A0C91BC942}") = "Project21(nexted_loop2)", "Project21(nexted_loop2)\Project21(nexted_loop2).vcxproj", "{01BA1B55-BA8C-4BC7-B8A2-EAA8E38E30E0}"
EndProject
Project("{8BC9CEB8-8B4A-11D0-8D11-00A0C91BC942}") = "Project22(pythagoras)", "Project22(pytagoras)\Project22(pytagoras).vcxproj", "{23223303-0077-4454-9EF9-4D0F386056CA}"
EndProject
Project("{8BC9CEB8-8B4A-11D0-8D11-00A0C91BC942}") = "Project23(break)", "Project23(break)\Project23(break).vcxproj", "{D2871718-72AF-49C1-9675-864D303CF353}"
EndProject
Project("{8BC9CEB8-8B4A-11D0-8D11-00A0C91BC942}") = "Project24(square_root)", "Project24(square_root)\Project24(square_root).vcxproj", "{0A6E476F-B7B3-4871-8012-E89CC0C8EAB1}"
EndProject
Project("{8BC9CEB8-8B4A-11D0-8D11-00A0C91BC942}") = "Project25(continue)", "Project25(continue)\Project25(continue).vcxproj", "{CED5E509-68E8-478E-8A49-FFFA97CA1B99}"
EndProject
Project("{8BC9CEB8-8B4A-11D0-8D11-00A0C91BC942}") = "Project26(to_upper)", "Project26(to_upper)\Project26(to_upper).vcxproj", "{C749E17F-FB7A-4C25-9929-32F6D55608F9}"
EndProject
Project("{8BC9CEB8-8B4A-11D0-8D11-00A0C91BC942}") = "Project27(PI)", "Project27(PI)\Project27(PI).vcxproj", "{4468B571-779F-4714-8FF1-95B993C9C78D}"
EndProject
Project("{8BC9CEB8-8B4A-11D0-8D11-00A0C91BC942}") = "Project28(compound_interest)", "Project28(compound_interest)\Project28(compound_interest).vcxproj", "{D42655BA-5CE7-4278-8920-24AFCD1E6DA5}"
EndProject
Project("{8BC9CEB8-8B4A-11D0-8D11-00A0C91BC942}") = "Project29(mathprob)", "Project29(mathprob)\Project29(mathprob).vcxproj", "{43C7947F-EF93-49AD-BCF1-2D311FD1E4BE}"
EndProject
Project("{8BC9CEB8-8B4A-11D0-8D11-00A0C91BC942}") = "Project30(gambler)", "Project30(gambler)\Project30(gambler).vcxproj", "{AF114276-D090-47AE-A5DB-436744F1B4D8}"
EndProject
Global
	GlobalSection(SolutionConfigurationPlatforms) = preSolution
		Debug|x64 = Debug|x64
		Debug|x86 = Debug|x86
		Release|x64 = Release|x64
		Release|x86 = Release|x86
	EndGlobalSection
	GlobalSection(ProjectConfigurationPlatforms) = postSolution
		{933D37C3-8EB1-4D60-B96E-F5F5A8ECCE1D}.Debug|x64.ActiveCfg = Debug|x64
		{933D37C3-8EB1-4D60-B96E-F5F5A8ECCE1D}.Debug|x64.Build.0 = Debug|x64
		{933D37C3-8EB1-4D60-B96E-F5F5A8ECCE1D}.Debug|x86.ActiveCfg = Debug|Win32
		{933D37C3-8EB1-4D60-B96E-F5F5A8ECCE1D}.Debug|x86.Build.0 = Debug|Win32
		{933D37C3-8EB1-4D60-B96E-F5F5A8ECCE1D}.Release|x64.ActiveCfg = Release|x64
		{933D37C3-8EB1-4D60-B96E-F5F5A8ECCE1D}.Release|x64.Build.0 = Release|x64
		{933D37C3-8EB1-4D60-B96E-F5F5A8ECCE1D}.Release|x86.ActiveCfg = Release|Win32
		{933D37C3-8EB1-4D60-B96E-F5F5A8ECCE1D}.Release|x86.Build.0 = Release|Win32
		{8D6B24C3-1E49-4B80-9D78-F4429BE1DDF7}.Debug|x64.ActiveCfg = Debug|x64
		{8D6B24C3-1E49-4B80-9D78-F4429BE1DDF7}.Debug|x64.Build.0 = Debug|x64
		{8D6B24C3-1E49-4B80-9D78-F4429BE1DDF7}.Debug|x86.ActiveCfg = Debug|Win32
		{8D6B24C3-1E49-4B80-9D78-F4429BE1DDF7}.Debug|x86.Build.0 = Debug|Win32
		{8D6B24C3-1E49-4B80-9D78-F4429BE1DDF7}.Release|x64.ActiveCfg = Release|x64
		{8D6B24C3-1E49-4B80-9D78-F4429BE1DDF7}.Release|x64.Build.0 = Release|x64
		{8D6B24C3-1E49-4B80-9D78-F4429BE1DDF7}.Release|x86.ActiveCfg = Release|Win32
		{8D6B24C3-1E49-4B80-9D78-F4429BE1DDF7}.Release|x86.Build.0 = Release|Win32
		{727B6E4C-7F04-43A4-9F46-2688FFE5F973}.Debug|x64.ActiveCfg = Debug|x64
		{727B6E4C-7F04-43A4-9F46-2688FFE5F973}.Debug|x64.Build.0 = Debug|x64
		{727B6E4C-7F04-43A4-9F46-2688FFE5F973}.Debug|x86.ActiveCfg = Debug|Win32
		{727B6E4C-7F04-43A4-9F46-2688FFE5F973}.Debug|x86.Build.0 = Debug|Win32
		{727B6E4C-7F04-43A4-9F46-2688FFE5F973}.Release|x64.ActiveCfg = Release|x64
		{727B6E4C-7F04-43A4-9F46-2688FFE5F973}.Release|x64.Build.0 = Release|x64
		{727B6E4C-7F04-43A4-9F46-2688FFE5F973}.Release|x86.ActiveCfg = Release|Win32
		{727B6E4C-7F04-43A4-9F46-2688FFE5F973}.Release|x86.Build.0 = Release|Win32
		{BD3E296E-E43C-48D4-92CA-D894AECFE204}.Debug|x64.ActiveCfg = Debug|x64
		{BD3E296E-E43C-48D4-92CA-D894AECFE204}.Debug|x64.Build.0 = Debug|x64
		{BD3E296E-E43C-48D4-92CA-D894AECFE204}.Debug|x86.ActiveCfg = Debug|Win32
		{BD3E296E-E43C-48D4-92CA-D894AECFE204}.Debug|x86.Build.0 = Debug|Win32
		{BD3E296E-E43C-48D4-92CA-D894AECFE204}.Release|x64.ActiveCfg = Release|x64
		{BD3E296E-E43C-48D4-92CA-D894AECFE204}.Release|x64.Build.0 = Release|x64
		{BD3E296E-E43C-48D4-92CA-D894AECFE204}.Release|x86.ActiveCfg = Release|Win32
		{BD3E296E-E43C-48D4-92CA-D894AECFE204}.Release|x86.Build.0 = Release|Win32
		{CB0DAFDF-0B44-4B9A-840E-A9CC3143B5E0}.Debug|x64.ActiveCfg = Debug|x64
		{CB0DAFDF-0B44-4B9A-840E-A9CC3143B5E0}.Debug|x64.Build.0 = Debug|x64
		{CB0DAFDF-0B44-4B9A-840E-A9CC3143B5E0}.Debug|x86.ActiveCfg = Debug|Win32
		{CB0DAFDF-0B44-4B9A-840E-A9CC3143B5E0}.Debug|x86.Build.0 = Debug|Win32
		{CB0DAFDF-0B44-4B9A-840E-A9CC3143B5E0}.Release|x64.ActiveCfg = Release|x64
		{CB0DAFDF-0B44-4B9A-840E-A9CC3143B5E0}.Release|x64.Build.0 = Release|x64
		{CB0DAFDF-0B44-4B9A-840E-A9CC3143B5E0}.Release|x86.ActiveCfg = Release|Win32
		{CB0DAFDF-0B44-4B9A-840E-A9CC3143B5E0}.Release|x86.Build.0 = Release|Win32
		{A9228460-F101-4451-A5F8-EE99AC2CC3C8}.Debug|x64.ActiveCfg = Debug|x64
		{A9228460-F101-4451-A5F8-EE99AC2CC3C8}.Debug|x64.Build.0 = Debug|x64
		{A9228460-F101-4451-A5F8-EE99AC2CC3C8}.Debug|x86.ActiveCfg = Debug|Win32
		{A9228460-F101-4451-A5F8-EE99AC2CC3C8}.Debug|x86.Build.0 = Debug|Win32
		{A9228460-F101-4451-A5F8-EE99AC2CC3C8}.Release|x64.ActiveCfg = Release|x64
		{A9228460-F101-4451-A5F8-EE99AC2CC3C8}.Release|x64.Build.0 = Release|x64
		{A9228460-F101-4451-A5F8-EE99AC2CC3C8}.Release|x86.ActiveCfg = Release|Win32
		{A9228460-F101-4451-A5F8-EE99AC2CC3C8}.Release|x86.Build.0 = Release|Win32
		{A17AEDC3-2534-48B7-A101-708DEBDADF91}.Debug|x64.ActiveCfg = Debug|x64
		{A17AEDC3-2534-48B7-A101-708DEBDADF91}.Debug|x64.Build.0 = Debug|x64
		{A17AEDC3-2534-48B7-A101-708DEBDADF91}.Debug|x86.ActiveCfg = Debug|Win32
		{A17AEDC3-2534-48B7-A101-708DEBDADF91}.Debug|x86.Build.0 = Debug|Win32
		{A17AEDC3-2534-48B7-A101-708DEBDADF91}.Release|x64.ActiveCfg = Release|x64
		{A17AEDC3-2534-48B7-A101-708DEBDADF91}.Release|x64.Build.0 = Release|x64
		{A17AEDC3-2534-48B7-A101-708DEBDADF91}.Release|x86.ActiveCfg = Release|Win32
		{A17AEDC3-2534-48B7-A101-708DEBDADF91}.Release|x86.Build.0 = Release|Win32
		{226E6C84-10D5-4C98-ABA4-51CD4DF8DAD0}.Debug|x64.ActiveCfg = Debug|x64
		{226E6C84-10D5-4C98-ABA4-51CD4DF8DAD0}.Debug|x64.Build.0 = Debug|x64
		{226E6C84-10D5-4C98-ABA4-51CD4DF8DAD0}.Debug|x86.ActiveCfg = Debug|Win32
		{226E6C84-10D5-4C98-ABA4-51CD4DF8DAD0}.Debug|x86.Build.0 = Debug|Win32
		{226E6C84-10D5-4C98-ABA4-51CD4DF8DAD0}.Release|x64.ActiveCfg = Release|x64
		{226E6C84-10D5-4C98-ABA4-51CD4DF8DAD0}.Release|x64.Build.0 = Release|x64
		{226E6C84-10D5-4C98-ABA4-51CD4DF8DAD0}.Release|x86.ActiveCfg = Release|Win32
		{226E6C84-10D5-4C98-ABA4-51CD4DF8DAD0}.Release|x86.Build.0 = Release|Win32
		{77585AE5-44C1-48C1-865D-A5645554C14E}.Debug|x64.ActiveCfg = Debug|x64
		{77585AE5-44C1-48C1-865D-A5645554C14E}.Debug|x64.Build.0 = Debug|x64
		{77585AE5-44C1-48C1-865D-A5645554C14E}.Debug|x86.ActiveCfg = Debug|Win32
		{77585AE5-44C1-48C1-865D-A5645554C14E}.Debug|x86.Build.0 = Debug|Win32
		{77585AE5-44C1-48C1-865D-A5645554C14E}.Release|x64.ActiveCfg = Release|x64
		{77585AE5-44C1-48C1-865D-A5645554C14E}.Release|x64.Build.0 = Release|x64
		{77585AE5-44C1-48C1-865D-A5645554C14E}.Release|x86.ActiveCfg = Release|Win32
		{77585AE5-44C1-48C1-865D-A5645554C14E}.Release|x86.Build.0 = Release|Win32
		{36D29B8C-1333-4709-820F-6C97D14C409C}.Debug|x64.ActiveCfg = Debug|x64
		{36D29B8C-1333-4709-820F-6C97D14C409C}.Debug|x64.Build.0 = Debug|x64
		{36D29B8C-1333-4709-820F-6C97D14C409C}.Debug|x86.ActiveCfg = Debug|Win32
		{36D29B8C-1333-4709-820F-6C97D14C409C}.Debug|x86.Build.0 = Debug|Win32
		{36D29B8C-1333-4709-820F-6C97D14C409C}.Release|x64.ActiveCfg = Release|x64
		{36D29B8C-1333-4709-820F-6C97D14C409C}.Release|x64.Build.0 = Release|x64
		{36D29B8C-1333-4709-820F-6C97D14C409C}.Release|x86.ActiveCfg = Release|Win32
		{36D29B8C-1333-4709-820F-6C97D14C409C}.Release|x86.Build.0 = Release|Win32
		{00369AF0-F0FA-4943-BFB2-F892A62885E0}.Debug|x64.ActiveCfg = Debug|x64
		{00369AF0-F0FA-4943-BFB2-F892A62885E0}.Debug|x64.Build.0 = Debug|x64
		{00369AF0-F0FA-4943-BFB2-F892A62885E0}.Debug|x86.ActiveCfg = Debug|Win32
		{00369AF0-F0FA-4943-BFB2-F892A62885E0}.Debug|x86.Build.0 = Debug|Win32
		{00369AF0-F0FA-4943-BFB2-F892A62885E0}.Release|x64.ActiveCfg = Release|x64
		{00369AF0-F0FA-4943-BFB2-F892A62885E0}.Release|x64.Build.0 = Release|x64
		{00369AF0-F0FA-4943-BFB2-F892A62885E0}.Release|x86.ActiveCfg = Release|Win32
		{00369AF0-F0FA-4943-BFB2-F892A62885E0}.Release|x86.Build.0 = Release|Win32
		{3C4BDF52-E083-4D62-975B-9922FAA25D34}.Debug|x64.ActiveCfg = Debug|x64
		{3C4BDF52-E083-4D62-975B-9922FAA25D34}.Debug|x64.Build.0 = Debug|x64
		{3C4BDF52-E083-4D62-975B-9922FAA25D34}.Debug|x86.ActiveCfg = Debug|Win32
		{3C4BDF52-E083-4D62-975B-9922FAA25D34}.Debug|x86.Build.0 = Debug|Win32
		{3C4BDF52-E083-4D62-975B-9922FAA25D34}.Release|x64.ActiveCfg = Release|x64
		{3C4BDF52-E083-4D62-975B-9922FAA25D34}.Release|x64.Build.0 = Release|x64
		{3C4BDF52-E083-4D62-975B-9922FAA25D34}.Release|x86.ActiveCfg = Release|Win32
		{3C4BDF52-E083-4D62-975B-9922FAA25D34}.Release|x86.Build.0 = Release|Win32
		{A7A9FCA2-8393-40FA-A25F-528EC7097C34}.Debug|x64.ActiveCfg = Debug|x64
		{A7A9FCA2-8393-40FA-A25F-528EC7097C34}.Debug|x64.Build.0 = Debug|x64
		{A7A9FCA2-8393-40FA-A25F-528EC7097C34}.Debug|x86.ActiveCfg = Debug|Win32
		{A7A9FCA2-8393-40FA-A25F-528EC7097C34}.Debug|x86.Build.0 = Debug|Win32
		{A7A9FCA2-8393-40FA-A25F-528EC7097C34}.Release|x64.ActiveCfg = Release|x64
		{A7A9FCA2-8393-40FA-A25F-528EC7097C34}.Release|x64.Build.0 = Release|x64
		{A7A9FCA2-8393-40FA-A25F-528EC7097C34}.Release|x86.ActiveCfg = Release|Win32
		{A7A9FCA2-8393-40FA-A25F-528EC7097C34}.Release|x86.Build.0 = Release|Win32
		{308AAC50-4B80-4677-BEC6-460B79C8C9A1}.Debug|x64.ActiveCfg = Debug|x64
		{308AAC50-4B80-4677-BEC6-460B79C8C9A1}.Debug|x64.Build.0 = Debug|x64
		{308AAC50-4B80-4677-BEC6-460B79C8C9A1}.Debug|x86.ActiveCfg = Debug|Win32
		{308AAC50-4B80-4677-BEC6-460B79C8C9A1}.Debug|x86.Build.0 = Debug|Win32
		{308AAC50-4B80-4677-BEC6-460B79C8C9A1}.Release|x64.ActiveCfg = Release|x64
		{308AAC50-4B80-4677-BEC6-460B79C8C9A1}.Release|x64.Build.0 = Release|x64
		{308AAC50-4B80-4677-BEC6-460B79C8C9A1}.Release|x86.ActiveCfg = Release|Win32
		{308AAC50-4B80-4677-BEC6-460B79C8C9A1}.Release|x86.Build.0 = Release|Win32
		{0392A94F-DD31-44FE-BBD2-FF4CC759E655}.Debug|x64.ActiveCfg = Debug|x64
		{0392A94F-DD31-44FE-BBD2-FF4CC759E655}.Debug|x64.Build.0 = Debug|x64
		{0392A94F-DD31-44FE-BBD2-FF4CC759E655}.Debug|x86.ActiveCfg = Debug|Win32
		{0392A94F-DD31-44FE-BBD2-FF4CC759E655}.Debug|x86.Build.0 = Debug|Win32
		{0392A94F-DD31-44FE-BBD2-FF4CC759E655}.Release|x64.ActiveCfg = Release|x64
		{0392A94F-DD31-44FE-BBD2-FF4CC759E655}.Release|x64.Build.0 = Release|x64
		{0392A94F-DD31-44FE-BBD2-FF4CC759E655}.Release|x86.ActiveCfg = Release|Win32
		{0392A94F-DD31-44FE-BBD2-FF4CC759E655}.Release|x86.Build.0 = Release|Win32
		{8733EE14-8DCF-4BC0-B0B2-1C0439FD201E}.Debug|x64.ActiveCfg = Debug|x64
		{8733EE14-8DCF-4BC0-B0B2-1C0439FD201E}.Debug|x64.Build.0 = Debug|x64
		{8733EE14-8DCF-4BC0-B0B2-1C0439FD201E}.Debug|x86.ActiveCfg = Debug|Win32
		{8733EE14-8DCF-4BC0-B0B2-1C0439FD201E}.Debug|x86.Build.0 = Debug|Win32
		{8733EE14-8DCF-4BC0-B0B2-1C0439FD201E}.Release|x64.ActiveCfg = Release|x64
		{8733EE14-8DCF-4BC0-B0B2-1C0439FD201E}.Release|x64.Build.0 = Release|x64
		{8733EE14-8DCF-4BC0-B0B2-1C0439FD201E}.Release|x86.ActiveCfg = Release|Win32
		{8733EE14-8DCF-4BC0-B0B2-1C0439FD201E}.Release|x86.Build.0 = Release|Win32
		{05DE6310-2EBF-4E93-A320-CE98126D3F83}.Debug|x64.ActiveCfg = Debug|x64
		{05DE6310-2EBF-4E93-A320-CE98126D3F83}.Debug|x64.Build.0 = Debug|x64
		{05DE6310-2EBF-4E93-A320-CE98126D3F83}.Debug|x86.ActiveCfg = Debug|Win32
		{05DE6310-2EBF-4E93-A320-CE98126D3F83}.Debug|x86.Build.0 = Debug|Win32
		{05DE6310-2EBF-4E93-A320-CE98126D3F83}.Release|x64.ActiveCfg = Release|x64
		{05DE6310-2EBF-4E93-A320-CE98126D3F83}.Release|x64.Build.0 = Release|x64
		{05DE6310-2EBF-4E93-A320-CE98126D3F83}.Release|x86.ActiveCfg = Release|Win32
		{05DE6310-2EBF-4E93-A320-CE98126D3F83}.Release|x86.Build.0 = Release|Win32
		{303E14B9-79AB-4179-9E64-4E7A48B6CD06}.Debug|x64.ActiveCfg = Debug|x64
		{303E14B9-79AB-4179-9E64-4E7A48B6CD06}.Debug|x64.Build.0 = Debug|x64
		{303E14B9-79AB-4179-9E64-4E7A48B6CD06}.Debug|x86.ActiveCfg = Debug|Win32
		{303E14B9-79AB-4179-9E64-4E7A48B6CD06}.Debug|x86.Build.0 = Debug|Win32
		{303E14B9-79AB-4179-9E64-4E7A48B6CD06}.Release|x64.ActiveCfg = Release|x64
		{303E14B9-79AB-4179-9E64-4E7A48B6CD06}.Release|x64.Build.0 = Release|x64
		{303E14B9-79AB-4179-9E64-4E7A48B6CD06}.Release|x86.ActiveCfg = Release|Win32
		{303E14B9-79AB-4179-9E64-4E7A48B6CD06}.Release|x86.Build.0 = Release|Win32
		{3AA961DA-77BF-4950-9FED-45E07FF4374F}.Debug|x64.ActiveCfg = Debug|x64
		{3AA961DA-77BF-4950-9FED-45E07FF4374F}.Debug|x64.Build.0 = Debug|x64
		{3AA961DA-77BF-4950-9FED-45E07FF4374F}.Debug|x86.ActiveCfg = Debug|Win32
		{3AA961DA-77BF-4950-9FED-45E07FF4374F}.Debug|x86.Build.0 = Debug|Win32
		{3AA961DA-77BF-4950-9FED-45E07FF4374F}.Release|x64.ActiveCfg = Release|x64
		{3AA961DA-77BF-4950-9FED-45E07FF4374F}.Release|x64.Build.0 = Release|x64
		{3AA961DA-77BF-4950-9FED-45E07FF4374F}.Release|x86.ActiveCfg = Release|Win32
		{3AA961DA-77BF-4950-9FED-45E07FF4374F}.Release|x86.Build.0 = Release|Win32
		{9B10E313-DA90-412D-AC53-2418DF18E0A0}.Debug|x64.ActiveCfg = Debug|x64
		{9B10E313-DA90-412D-AC53-2418DF18E0A0}.Debug|x64.Build.0 = Debug|x64
		{9B10E313-DA90-412D-AC53-2418DF18E0A0}.Debug|x86.ActiveCfg = Debug|Win32
		{9B10E313-DA90-412D-AC53-2418DF18E0A0}.Debug|x86.Build.0 = Debug|Win32
		{9B10E313-DA90-412D-AC53-2418DF18E0A0}.Release|x64.ActiveCfg = Release|x64
		{9B10E313-DA90-412D-AC53-2418DF18E0A0}.Release|x64.Build.0 = Release|x64
		{9B10E313-DA90-412D-AC53-2418DF18E0A0}.Release|x86.ActiveCfg = Release|Win32
		{9B10E313-DA90-412D-AC53-2418DF18E0A0}.Release|x86.Build.0 = Release|Win32
		{01BA1B55-BA8C-4BC7-B8A2-EAA8E38E30E0}.Debug|x64.ActiveCfg = Debug|x64
		{01BA1B55-BA8C-4BC7-B8A2-EAA8E38E30E0}.Debug|x64.Build.0 = Debug|x64
		{01BA1B55-BA8C-4BC7-B8A2-EAA8E38E30E0}.Debug|x86.ActiveCfg = Debug|Win32
		{01BA1B55-BA8C-4BC7-B8A2-EAA8E38E30E0}.Debug|x86.Build.0 = Debug|Win32
		{01BA1B55-BA8C-4BC7-B8A2-EAA8E38E30E0}.Release|x64.ActiveCfg = Release|x64
		{01BA1B55-BA8C-4BC7-B8A2-EAA8E38E30E0}.Release|x64.Build.0 = Release|x64
		{01BA1B55-BA8C-4BC7-B8A2-EAA8E38E30E0}.Release|x86.ActiveCfg = Release|Win32
		{01BA1B55-BA8C-4BC7-B8A2-EAA8E38E30E0}.Release|x86.Build.0 = Release|Win32
		{23223303-0077-4454-9EF9-4D0F386056CA}.Debug|x64.ActiveCfg = Debug|x64
		{23223303-0077-4454-9EF9-4D0F386056CA}.Debug|x64.Build.0 = Debug|x64
		{23223303-0077-4454-9EF9-4D0F386056CA}.Debug|x86.ActiveCfg = Debug|Win32
		{23223303-0077-4454-9EF9-4D0F386056CA}.Debug|x86.Build.0 = Debug|Win32
		{23223303-0077-4454-9EF9-4D0F386056CA}.Release|x64.ActiveCfg = Release|x64
		{23223303-0077-4454-9EF9-4D0F386056CA}.Release|x64.Build.0 = Release|x64
		{23223303-0077-4454-9EF9-4D0F386056CA}.Release|x86.ActiveCfg = Release|Win32
		{23223303-0077-4454-9EF9-4D0F386056CA}.Release|x86.Build.0 = Release|Win32
		{D2871718-72AF-49C1-9675-864D303CF353}.Debug|x64.ActiveCfg = Debug|x64
		{D2871718-72AF-49C1-9675-864D303CF353}.Debug|x64.Build.0 = Debug|x64
		{D2871718-72AF-49C1-9675-864D303CF353}.Debug|x86.ActiveCfg = Debug|Win32
		{D2871718-72AF-49C1-9675-864D303CF353}.Debug|x86.Build.0 = Debug|Win32
		{D2871718-72AF-49C1-9675-864D303CF353}.Release|x64.ActiveCfg = Release|x64
		{D2871718-72AF-49C1-9675-864D303CF353}.Release|x64.Build.0 = Release|x64
		{D2871718-72AF-49C1-9675-864D303CF353}.Release|x86.ActiveCfg = Release|Win32
		{D2871718-72AF-49C1-9675-864D303CF353}.Release|x86.Build.0 = Release|Win32
		{0A6E476F-B7B3-4871-8012-E89CC0C8EAB1}.Debug|x64.ActiveCfg = Debug|x64
		{0A6E476F-B7B3-4871-8012-E89CC0C8EAB1}.Debug|x64.Build.0 = Debug|x64
		{0A6E476F-B7B3-4871-8012-E89CC0C8EAB1}.Debug|x86.ActiveCfg = Debug|Win32
		{0A6E476F-B7B3-4871-8012-E89CC0C8EAB1}.Debug|x86.Build.0 = Debug|Win32
		{0A6E476F-B7B3-4871-8012-E89CC0C8EAB1}.Release|x64.ActiveCfg = Release|x64
		{0A6E476F-B7B3-4871-8012-E89CC0C8EAB1}.Release|x64.Build.0 = Release|x64
		{0A6E476F-B7B3-4871-8012-E89CC0C8EAB1}.Release|x86.ActiveCfg = Release|Win32
		{0A6E476F-B7B3-4871-8012-E89CC0C8EAB1}.Release|x86.Build.0 = Release|Win32
		{CED5E509-68E8-478E-8A49-FFFA97CA1B99}.Debug|x64.ActiveCfg = Debug|x64
		{CED5E509-68E8-478E-8A49-FFFA97CA1B99}.Debug|x64.Build.0 = Debug|x64
		{CED5E509-68E8-478E-8A49-FFFA97CA1B99}.Debug|x86.ActiveCfg = Debug|Win32
		{CED5E509-68E8-478E-8A49-FFFA97CA1B99}.Debug|x86.Build.0 = Debug|Win32
		{CED5E509-68E8-478E-8A49-FFFA97CA1B99}.Release|x64.ActiveCfg = Release|x64
		{CED5E509-68E8-478E-8A49-FFFA97CA1B99}.Release|x64.Build.0 = Release|x64
		{CED5E509-68E8-478E-8A49-FFFA97CA1B99}.Release|x86.ActiveCfg = Release|Win32
		{CED5E509-68E8-478E-8A49-FFFA97CA1B99}.Release|x86.Build.0 = Release|Win32
		{C749E17F-FB7A-4C25-9929-32F6D55608F9}.Debug|x64.ActiveCfg = Debug|x64
		{C749E17F-FB7A-4C25-9929-32F6D55608F9}.Debug|x64.Build.0 = Debug|x64
		{C749E17F-FB7A-4C25-9929-32F6D55608F9}.Debug|x86.ActiveCfg = Debug|Win32
		{C749E17F-FB7A-4C25-9929-32F6D55608F9}.Debug|x86.Build.0 = Debug|Win32
		{C749E17F-FB7A-4C25-9929-32F6D55608F9}.Release|x64.ActiveCfg = Release|x64
		{C749E17F-FB7A-4C25-9929-32F6D55608F9}.Release|x64.Build.0 = Release|x64
		{C749E17F-FB7A-4C25-9929-32F6D55608F9}.Release|x86.ActiveCfg = Release|Win32
		{C749E17F-FB7A-4C25-9929-32F6D55608F9}.Release|x86.Build.0 = Release|Win32
		{4468B571-779F-4714-8FF1-95B993C9C78D}.Debug|x64.ActiveCfg = Debug|x64
		{4468B571-779F-4714-8FF1-95B993C9C78D}.Debug|x64.Build.0 = Debug|x64
		{4468B571-779F-4714-8FF1-95B993C9C78D}.Debug|x86.ActiveCfg = Debug|Win32
		{4468B571-779F-4714-8FF1-95B993C9C78D}.Debug|x86.Build.0 = Debug|Win32
		{4468B571-779F-4714-8FF1-95B993C9C78D}.Release|x64.ActiveCfg = Release|x64
		{4468B571-779F-4714-8FF1-95B993C9C78D}.Release|x64.Build.0 = Release|x64
		{4468B571-779F-4714-8FF1-95B993C9C78D}.Release|x86.ActiveCfg = Release|Win32
		{4468B571-779F-4714-8FF1-95B993C9C78D}.Release|x86.Build.0 = Release|Win32
		{D42655BA-5CE7-4278-8920-24AFCD1E6DA5}.Debug|x64.ActiveCfg = Debug|x64
		{D42655BA-5CE7-4278-8920-24AFCD1E6DA5}.Debug|x64.Build.0 = Debug|x64
		{D42655BA-5CE7-4278-8920-24AFCD1E6DA5}.Debug|x86.ActiveCfg = Debug|Win32
		{D42655BA-5CE7-4278-8920-24AFCD1E6DA5}.Debug|x86.Build.0 = Debug|Win32
		{D42655BA-5CE7-4278-8920-24AFCD1E6DA5}.Release|x64.ActiveCfg = Release|x64
		{D42655BA-5CE7-4278-8920-24AFCD1E6DA5}.Release|x64.Build.0 = Release|x64
		{D42655BA-5CE7-4278-8920-24AFCD1E6DA5}.Release|x86.ActiveCfg = Release|Win32
		{D42655BA-5CE7-4278-8920-24AFCD1E6DA5}.Release|x86.Build.0 = Release|Win32
		{43C7947F-EF93-49AD-BCF1-2D311FD1E4BE}.Debug|x64.ActiveCfg = Debug|x64
		{43C7947F-EF93-49AD-BCF1-2D311FD1E4BE}.Debug|x64.Build.0 = Debug|x64
		{43C7947F-EF93-49AD-BCF1-2D311FD1E4BE}.Debug|x86.ActiveCfg = Debug|Win32
		{43C7947F-EF93-49AD-BCF1-2D311FD1E4BE}.Debug|x86.Build.0 = Debug|Win32
		{43C7947F-EF93-49AD-BCF1-2D311FD1E4BE}.Release|x64.ActiveCfg = Release|x64
		{43C7947F-EF93-49AD-BCF1-2D311FD1E4BE}.Release|x64.Build.0 = Release|x64
		{43C7947F-EF93-49AD-BCF1-2D311FD1E4BE}.Release|x86.ActiveCfg = Release|Win32
		{43C7947F-EF93-49AD-BCF1-2D311FD1E4BE}.Release|x86.Build.0 = Release|Win32
		{AF114276-D090-47AE-A5DB-436744F1B4D8}.Debug|x64.ActiveCfg = Debug|x64
		{AF114276-D090-47AE-A5DB-436744F1B4D8}.Debug|x64.Build.0 = Debug|x64
		{AF114276-D090-47AE-A5DB-436744F1B4D8}.Debug|x86.ActiveCfg = Debug|Win32
		{AF114276-D090-47AE-A5DB-436744F1B4D8}.Debug|x86.Build.0 = Debug|Win32
		{AF114276-D090-47AE-A5DB-436744F1B4D8}.Release|x64.ActiveCfg = Release|x64
		{AF114276-D090-47AE-A5DB-436744F1B4D8}.Release|x64.Build.0 = Release|x64
		{AF114276-D090-47AE-A5DB-436744F1B4D8}.Release|x86.ActiveCfg = Release|Win32
		{AF114276-D090-47AE-A5DB-436744F1B4D8}.Release|x86.Build.0 = Release|Win32
	EndGlobalSection
	GlobalSection(SolutionProperties) = preSolution
		HideSolutionNode = FALSE
	EndGlobalSection
	GlobalSection(ExtensibilityGlobals) = postSolution
		SolutionGuid = {AE5A742D-2509-4794-9A25-03BCF061549E}
	EndGlobalSection
EndGlobal
