
Microsoft Visual Studio Solution File, Format Version 12.00
# Visual Studio Version 17
VisualStudioVersion = 17.3.32922.545
MinimumVisualStudioVersion = 10.0.40219.1
Project("{8BC9CEB8-8B4A-11D0-8D11-00A0C91BC942}") = "Project1", "Project1\Project1.vcxproj", "{1F2E77A1-9494-42D9-8499-8F7582113B39}"
EndProject
Project("{8BC9CEB8-8B4A-11D0-8D11-00A0C91BC942}") = "Project2", "Project2\Project2.vcxproj", "{685A2F03-6CAE-4F80-B37C-8F56D1A82159}"
EndProject
Project("{8BC9CEB8-8B4A-11D0-8D11-00A0C91BC942}") = "Project3", "Project3\Project3.vcxproj", "{17F23618-0209-463B-B8A5-989912A98D29}"
EndProject
Project("{8BC9CEB8-8B4A-11D0-8D11-00A0C91BC942}") = "Project4", "Project4\Project4.vcxproj", "{6738A7C5-6125-4DD4-A674-AB2DA0E660A4}"
EndProject
Project("{8BC9CEB8-8B4A-11D0-8D11-00A0C91BC942}") = "Project5", "Project5\Project5.vcxproj", "{1A96F1EB-1A28-4067-80C6-ADBB47ADDA1C}"
EndProject
Project("{8BC9CEB8-8B4A-11D0-8D11-00A0C91BC942}") = "Project6", "Project6\Project6.vcxproj", "{C542A0B0-5A18-4854-AA64-DDDA092AF718}"
EndProject
Project("{8BC9CEB8-8B4A-11D0-8D11-00A0C91BC942}") = "Project7", "Project7\Project7.vcxproj", "{8C9E2AB1-CB92-4191-82F7-BCF4C1659B26}"
EndProject
Project("{8BC9CEB8-8B4A-11D0-8D11-00A0C91BC942}") = "Project8", "Project8\Project8.vcxproj", "{429482D1-0230-47E8-AFC9-1A5EB8A272E3}"
EndProject
Project("{8BC9CEB8-8B4A-11D0-8D11-00A0C91BC942}") = "Project9", "Project9\Project9.vcxproj", "{120D63A1-9979-4B29-80F8-E6F8A38BF085}"
EndProject
Project("{8BC9CEB8-8B4A-11D0-8D11-00A0C91BC942}") = "Project10", "Project10\Project10.vcxproj", "{128E5DE4-F9B2-46BF-A785-24C2676A4ED2}"
EndProject
Project("{8BC9CEB8-8B4A-11D0-8D11-00A0C91BC942}") = "Project11", "Project11\Project11.vcxproj", "{E33A8C2B-F172-4252-9F7B-77C32C21F77A}"
EndProject
Project("{8BC9CEB8-8B4A-11D0-8D11-00A0C91BC942}") = "Project12", "Project12\Project12.vcxproj", "{035DDDF0-D776-4F1B-A477-37E6F3D20CBC}"
EndProject
Project("{8BC9CEB8-8B4A-11D0-8D11-00A0C91BC942}") = "Project13", "Project13\Project13.vcxproj", "{C7D4F000-C495-46BA-B3C1-6726C769865A}"
EndProject
Project("{8BC9CEB8-8B4A-11D0-8D11-00A0C91BC942}") = "Project14", "Project14\Project14.vcxproj", "{CAA0C215-70A1-4E43-B42E-D6CED5B11A38}"
EndProject
Project("{8BC9CEB8-8B4A-11D0-8D11-00A0C91BC942}") = "Project15", "Project15\Project15.vcxproj", "{B6126492-5F2B-4754-A2F2-3076AB304C78}"
EndProject
Project("{8BC9CEB8-8B4A-11D0-8D11-00A0C91BC942}") = "Project16", "Project16\Project16.vcxproj", "{4D3BC6C6-B669-41A5-9F6F-CDB26F06F422}"
EndProject
Project("{8BC9CEB8-8B4A-11D0-8D11-00A0C91BC942}") = "Project17", "Project17\Project17.vcxproj", "{F498ED89-CBEC-4ED8-90F8-D31CA1CB59D5}"
EndProject
Project("{8BC9CEB8-8B4A-11D0-8D11-00A0C91BC942}") = "Project18", "Project18\Project18.vcxproj", "{03A78A27-53BB-402F-97B6-CDFAADA5E1F0}"
EndProject
Project("{8BC9CEB8-8B4A-11D0-8D11-00A0C91BC942}") = "Project19", "Project19\Project19.vcxproj", "{8B9D42EC-15E4-4B48-B197-79479255AAC0}"
EndProject
Project("{8BC9CEB8-8B4A-11D0-8D11-00A0C91BC942}") = "Project20", "Project20\Project20.vcxproj", "{725A2DAD-B1CC-4583-BB3E-75B55E2BFD77}"
EndProject
Project("{8BC9CEB8-8B4A-11D0-8D11-00A0C91BC942}") = "Project21(LAB, p.530)", "Project21\Project21.vcxproj", "{8697233F-23D6-4A7C-BE77-9D488060E322}"
EndProject
Project("{8BC9CEB8-8B4A-11D0-8D11-00A0C91BC942}") = "Project22", "Project22\Project22.vcxproj", "{F116170B-07B4-47CB-B64A-9D9528ED936A}"
EndProject
Project("{8BC9CEB8-8B4A-11D0-8D11-00A0C91BC942}") = "Project23", "Project23\Project23.vcxproj", "{D3F391ED-C5FD-48CF-84E8-F2694CDCFBD2}"
EndProject
Project("{8BC9CEB8-8B4A-11D0-8D11-00A0C91BC942}") = "Project24", "Project24\Project24.vcxproj", "{001DD1F1-C3BF-4F06-9BEC-1C5E2B408EFE}"
EndProject
Project("{8BC9CEB8-8B4A-11D0-8D11-00A0C91BC942}") = "Project25", "Project25\Project25.vcxproj", "{A70AEE17-AAC7-4BA9-9E4F-280068CDB6E2}"
EndProject
Project("{8BC9CEB8-8B4A-11D0-8D11-00A0C91BC942}") = "Project26", "Project26\Project26.vcxproj", "{61C86523-D851-4877-BC0B-DB1F73D6089E}"
EndProject
Project("{8BC9CEB8-8B4A-11D0-8D11-00A0C91BC942}") = "Project27", "Project27\Project27.vcxproj", "{00C53CB9-2FCF-42A4-ACA2-770D243BBD06}"
EndProject
Global
	GlobalSection(SolutionConfigurationPlatforms) = preSolution
		Debug|x64 = Debug|x64
		Debug|x86 = Debug|x86
		Release|x64 = Release|x64
		Release|x86 = Release|x86
	EndGlobalSection
	GlobalSection(ProjectConfigurationPlatforms) = postSolution
		{1F2E77A1-9494-42D9-8499-8F7582113B39}.Debug|x64.ActiveCfg = Debug|x64
		{1F2E77A1-9494-42D9-8499-8F7582113B39}.Debug|x64.Build.0 = Debug|x64
		{1F2E77A1-9494-42D9-8499-8F7582113B39}.Debug|x86.ActiveCfg = Debug|Win32
		{1F2E77A1-9494-42D9-8499-8F7582113B39}.Debug|x86.Build.0 = Debug|Win32
		{1F2E77A1-9494-42D9-8499-8F7582113B39}.Release|x64.ActiveCfg = Release|x64
		{1F2E77A1-9494-42D9-8499-8F7582113B39}.Release|x64.Build.0 = Release|x64
		{1F2E77A1-9494-42D9-8499-8F7582113B39}.Release|x86.ActiveCfg = Release|Win32
		{1F2E77A1-9494-42D9-8499-8F7582113B39}.Release|x86.Build.0 = Release|Win32
		{685A2F03-6CAE-4F80-B37C-8F56D1A82159}.Debug|x64.ActiveCfg = Debug|x64
		{685A2F03-6CAE-4F80-B37C-8F56D1A82159}.Debug|x64.Build.0 = Debug|x64
		{685A2F03-6CAE-4F80-B37C-8F56D1A82159}.Debug|x86.ActiveCfg = Debug|Win32
		{685A2F03-6CAE-4F80-B37C-8F56D1A82159}.Debug|x86.Build.0 = Debug|Win32
		{685A2F03-6CAE-4F80-B37C-8F56D1A82159}.Release|x64.ActiveCfg = Release|x64
		{685A2F03-6CAE-4F80-B37C-8F56D1A82159}.Release|x64.Build.0 = Release|x64
		{685A2F03-6CAE-4F80-B37C-8F56D1A82159}.Release|x86.ActiveCfg = Release|Win32
		{685A2F03-6CAE-4F80-B37C-8F56D1A82159}.Release|x86.Build.0 = Release|Win32
		{17F23618-0209-463B-B8A5-989912A98D29}.Debug|x64.ActiveCfg = Debug|x64
		{17F23618-0209-463B-B8A5-989912A98D29}.Debug|x64.Build.0 = Debug|x64
		{17F23618-0209-463B-B8A5-989912A98D29}.Debug|x86.ActiveCfg = Debug|Win32
		{17F23618-0209-463B-B8A5-989912A98D29}.Debug|x86.Build.0 = Debug|Win32
		{17F23618-0209-463B-B8A5-989912A98D29}.Release|x64.ActiveCfg = Release|x64
		{17F23618-0209-463B-B8A5-989912A98D29}.Release|x64.Build.0 = Release|x64
		{17F23618-0209-463B-B8A5-989912A98D29}.Release|x86.ActiveCfg = Release|Win32
		{17F23618-0209-463B-B8A5-989912A98D29}.Release|x86.Build.0 = Release|Win32
		{6738A7C5-6125-4DD4-A674-AB2DA0E660A4}.Debug|x64.ActiveCfg = Debug|x64
		{6738A7C5-6125-4DD4-A674-AB2DA0E660A4}.Debug|x64.Build.0 = Debug|x64
		{6738A7C5-6125-4DD4-A674-AB2DA0E660A4}.Debug|x86.ActiveCfg = Debug|Win32
		{6738A7C5-6125-4DD4-A674-AB2DA0E660A4}.Debug|x86.Build.0 = Debug|Win32
		{6738A7C5-6125-4DD4-A674-AB2DA0E660A4}.Release|x64.ActiveCfg = Release|x64
		{6738A7C5-6125-4DD4-A674-AB2DA0E660A4}.Release|x64.Build.0 = Release|x64
		{6738A7C5-6125-4DD4-A674-AB2DA0E660A4}.Release|x86.ActiveCfg = Release|Win32
		{6738A7C5-6125-4DD4-A674-AB2DA0E660A4}.Release|x86.Build.0 = Release|Win32
		{1A96F1EB-1A28-4067-80C6-ADBB47ADDA1C}.Debug|x64.ActiveCfg = Debug|x64
		{1A96F1EB-1A28-4067-80C6-ADBB47ADDA1C}.Debug|x64.Build.0 = Debug|x64
		{1A96F1EB-1A28-4067-80C6-ADBB47ADDA1C}.Debug|x86.ActiveCfg = Debug|Win32
		{1A96F1EB-1A28-4067-80C6-ADBB47ADDA1C}.Debug|x86.Build.0 = Debug|Win32
		{1A96F1EB-1A28-4067-80C6-ADBB47ADDA1C}.Release|x64.ActiveCfg = Release|x64
		{1A96F1EB-1A28-4067-80C6-ADBB47ADDA1C}.Release|x64.Build.0 = Release|x64
		{1A96F1EB-1A28-4067-80C6-ADBB47ADDA1C}.Release|x86.ActiveCfg = Release|Win32
		{1A96F1EB-1A28-4067-80C6-ADBB47ADDA1C}.Release|x86.Build.0 = Release|Win32
		{C542A0B0-5A18-4854-AA64-DDDA092AF718}.Debug|x64.ActiveCfg = Debug|x64
		{C542A0B0-5A18-4854-AA64-DDDA092AF718}.Debug|x64.Build.0 = Debug|x64
		{C542A0B0-5A18-4854-AA64-DDDA092AF718}.Debug|x86.ActiveCfg = Debug|Win32
		{C542A0B0-5A18-4854-AA64-DDDA092AF718}.Debug|x86.Build.0 = Debug|Win32
		{C542A0B0-5A18-4854-AA64-DDDA092AF718}.Release|x64.ActiveCfg = Release|x64
		{C542A0B0-5A18-4854-AA64-DDDA092AF718}.Release|x64.Build.0 = Release|x64
		{C542A0B0-5A18-4854-AA64-DDDA092AF718}.Release|x86.ActiveCfg = Release|Win32
		{C542A0B0-5A18-4854-AA64-DDDA092AF718}.Release|x86.Build.0 = Release|Win32
		{8C9E2AB1-CB92-4191-82F7-BCF4C1659B26}.Debug|x64.ActiveCfg = Debug|x64
		{8C9E2AB1-CB92-4191-82F7-BCF4C1659B26}.Debug|x64.Build.0 = Debug|x64
		{8C9E2AB1-CB92-4191-82F7-BCF4C1659B26}.Debug|x86.ActiveCfg = Debug|Win32
		{8C9E2AB1-CB92-4191-82F7-BCF4C1659B26}.Debug|x86.Build.0 = Debug|Win32
		{8C9E2AB1-CB92-4191-82F7-BCF4C1659B26}.Release|x64.ActiveCfg = Release|x64
		{8C9E2AB1-CB92-4191-82F7-BCF4C1659B26}.Release|x64.Build.0 = Release|x64
		{8C9E2AB1-CB92-4191-82F7-BCF4C1659B26}.Release|x86.ActiveCfg = Release|Win32
		{8C9E2AB1-CB92-4191-82F7-BCF4C1659B26}.Release|x86.Build.0 = Release|Win32
		{429482D1-0230-47E8-AFC9-1A5EB8A272E3}.Debug|x64.ActiveCfg = Debug|x64
		{429482D1-0230-47E8-AFC9-1A5EB8A272E3}.Debug|x64.Build.0 = Debug|x64
		{429482D1-0230-47E8-AFC9-1A5EB8A272E3}.Debug|x86.ActiveCfg = Debug|Win32
		{429482D1-0230-47E8-AFC9-1A5EB8A272E3}.Debug|x86.Build.0 = Debug|Win32
		{429482D1-0230-47E8-AFC9-1A5EB8A272E3}.Release|x64.ActiveCfg = Release|x64
		{429482D1-0230-47E8-AFC9-1A5EB8A272E3}.Release|x64.Build.0 = Release|x64
		{429482D1-0230-47E8-AFC9-1A5EB8A272E3}.Release|x86.ActiveCfg = Release|Win32
		{429482D1-0230-47E8-AFC9-1A5EB8A272E3}.Release|x86.Build.0 = Release|Win32
		{120D63A1-9979-4B29-80F8-E6F8A38BF085}.Debug|x64.ActiveCfg = Debug|x64
		{120D63A1-9979-4B29-80F8-E6F8A38BF085}.Debug|x64.Build.0 = Debug|x64
		{120D63A1-9979-4B29-80F8-E6F8A38BF085}.Debug|x86.ActiveCfg = Debug|Win32
		{120D63A1-9979-4B29-80F8-E6F8A38BF085}.Debug|x86.Build.0 = Debug|Win32
		{120D63A1-9979-4B29-80F8-E6F8A38BF085}.Release|x64.ActiveCfg = Release|x64
		{120D63A1-9979-4B29-80F8-E6F8A38BF085}.Release|x64.Build.0 = Release|x64
		{120D63A1-9979-4B29-80F8-E6F8A38BF085}.Release|x86.ActiveCfg = Release|Win32
		{120D63A1-9979-4B29-80F8-E6F8A38BF085}.Release|x86.Build.0 = Release|Win32
		{128E5DE4-F9B2-46BF-A785-24C2676A4ED2}.Debug|x64.ActiveCfg = Debug|x64
		{128E5DE4-F9B2-46BF-A785-24C2676A4ED2}.Debug|x64.Build.0 = Debug|x64
		{128E5DE4-F9B2-46BF-A785-24C2676A4ED2}.Debug|x86.ActiveCfg = Debug|Win32
		{128E5DE4-F9B2-46BF-A785-24C2676A4ED2}.Debug|x86.Build.0 = Debug|Win32
		{128E5DE4-F9B2-46BF-A785-24C2676A4ED2}.Release|x64.ActiveCfg = Release|x64
		{128E5DE4-F9B2-46BF-A785-24C2676A4ED2}.Release|x64.Build.0 = Release|x64
		{128E5DE4-F9B2-46BF-A785-24C2676A4ED2}.Release|x86.ActiveCfg = Release|Win32
		{128E5DE4-F9B2-46BF-A785-24C2676A4ED2}.Release|x86.Build.0 = Release|Win32
		{E33A8C2B-F172-4252-9F7B-77C32C21F77A}.Debug|x64.ActiveCfg = Debug|x64
		{E33A8C2B-F172-4252-9F7B-77C32C21F77A}.Debug|x64.Build.0 = Debug|x64
		{E33A8C2B-F172-4252-9F7B-77C32C21F77A}.Debug|x86.ActiveCfg = Debug|Win32
		{E33A8C2B-F172-4252-9F7B-77C32C21F77A}.Debug|x86.Build.0 = Debug|Win32
		{E33A8C2B-F172-4252-9F7B-77C32C21F77A}.Release|x64.ActiveCfg = Release|x64
		{E33A8C2B-F172-4252-9F7B-77C32C21F77A}.Release|x64.Build.0 = Release|x64
		{E33A8C2B-F172-4252-9F7B-77C32C21F77A}.Release|x86.ActiveCfg = Release|Win32
		{E33A8C2B-F172-4252-9F7B-77C32C21F77A}.Release|x86.Build.0 = Release|Win32
		{035DDDF0-D776-4F1B-A477-37E6F3D20CBC}.Debug|x64.ActiveCfg = Debug|x64
		{035DDDF0-D776-4F1B-A477-37E6F3D20CBC}.Debug|x64.Build.0 = Debug|x64
		{035DDDF0-D776-4F1B-A477-37E6F3D20CBC}.Debug|x86.ActiveCfg = Debug|Win32
		{035DDDF0-D776-4F1B-A477-37E6F3D20CBC}.Debug|x86.Build.0 = Debug|Win32
		{035DDDF0-D776-4F1B-A477-37E6F3D20CBC}.Release|x64.ActiveCfg = Release|x64
		{035DDDF0-D776-4F1B-A477-37E6F3D20CBC}.Release|x64.Build.0 = Release|x64
		{035DDDF0-D776-4F1B-A477-37E6F3D20CBC}.Release|x86.ActiveCfg = Release|Win32
		{035DDDF0-D776-4F1B-A477-37E6F3D20CBC}.Release|x86.Build.0 = Release|Win32
		{C7D4F000-C495-46BA-B3C1-6726C769865A}.Debug|x64.ActiveCfg = Debug|x64
		{C7D4F000-C495-46BA-B3C1-6726C769865A}.Debug|x64.Build.0 = Debug|x64
		{C7D4F000-C495-46BA-B3C1-6726C769865A}.Debug|x86.ActiveCfg = Debug|Win32
		{C7D4F000-C495-46BA-B3C1-6726C769865A}.Debug|x86.Build.0 = Debug|Win32
		{C7D4F000-C495-46BA-B3C1-6726C769865A}.Release|x64.ActiveCfg = Release|x64
		{C7D4F000-C495-46BA-B3C1-6726C769865A}.Release|x64.Build.0 = Release|x64
		{C7D4F000-C495-46BA-B3C1-6726C769865A}.Release|x86.ActiveCfg = Release|Win32
		{C7D4F000-C495-46BA-B3C1-6726C769865A}.Release|x86.Build.0 = Release|Win32
		{CAA0C215-70A1-4E43-B42E-D6CED5B11A38}.Debug|x64.ActiveCfg = Debug|x64
		{CAA0C215-70A1-4E43-B42E-D6CED5B11A38}.Debug|x64.Build.0 = Debug|x64
		{CAA0C215-70A1-4E43-B42E-D6CED5B11A38}.Debug|x86.ActiveCfg = Debug|Win32
		{CAA0C215-70A1-4E43-B42E-D6CED5B11A38}.Debug|x86.Build.0 = Debug|Win32
		{CAA0C215-70A1-4E43-B42E-D6CED5B11A38}.Release|x64.ActiveCfg = Release|x64
		{CAA0C215-70A1-4E43-B42E-D6CED5B11A38}.Release|x64.Build.0 = Release|x64
		{CAA0C215-70A1-4E43-B42E-D6CED5B11A38}.Release|x86.ActiveCfg = Release|Win32
		{CAA0C215-70A1-4E43-B42E-D6CED5B11A38}.Release|x86.Build.0 = Release|Win32
		{B6126492-5F2B-4754-A2F2-3076AB304C78}.Debug|x64.ActiveCfg = Debug|x64
		{B6126492-5F2B-4754-A2F2-3076AB304C78}.Debug|x64.Build.0 = Debug|x64
		{B6126492-5F2B-4754-A2F2-3076AB304C78}.Debug|x86.ActiveCfg = Debug|Win32
		{B6126492-5F2B-4754-A2F2-3076AB304C78}.Debug|x86.Build.0 = Debug|Win32
		{B6126492-5F2B-4754-A2F2-3076AB304C78}.Release|x64.ActiveCfg = Release|x64
		{B6126492-5F2B-4754-A2F2-3076AB304C78}.Release|x64.Build.0 = Release|x64
		{B6126492-5F2B-4754-A2F2-3076AB304C78}.Release|x86.ActiveCfg = Release|Win32
		{B6126492-5F2B-4754-A2F2-3076AB304C78}.Release|x86.Build.0 = Release|Win32
		{4D3BC6C6-B669-41A5-9F6F-CDB26F06F422}.Debug|x64.ActiveCfg = Debug|x64
		{4D3BC6C6-B669-41A5-9F6F-CDB26F06F422}.Debug|x64.Build.0 = Debug|x64
		{4D3BC6C6-B669-41A5-9F6F-CDB26F06F422}.Debug|x86.ActiveCfg = Debug|Win32
		{4D3BC6C6-B669-41A5-9F6F-CDB26F06F422}.Debug|x86.Build.0 = Debug|Win32
		{4D3BC6C6-B669-41A5-9F6F-CDB26F06F422}.Release|x64.ActiveCfg = Release|x64
		{4D3BC6C6-B669-41A5-9F6F-CDB26F06F422}.Release|x64.Build.0 = Release|x64
		{4D3BC6C6-B669-41A5-9F6F-CDB26F06F422}.Release|x86.ActiveCfg = Release|Win32
		{4D3BC6C6-B669-41A5-9F6F-CDB26F06F422}.Release|x86.Build.0 = Release|Win32
		{F498ED89-CBEC-4ED8-90F8-D31CA1CB59D5}.Debug|x64.ActiveCfg = Debug|x64
		{F498ED89-CBEC-4ED8-90F8-D31CA1CB59D5}.Debug|x64.Build.0 = Debug|x64
		{F498ED89-CBEC-4ED8-90F8-D31CA1CB59D5}.Debug|x86.ActiveCfg = Debug|Win32
		{F498ED89-CBEC-4ED8-90F8-D31CA1CB59D5}.Debug|x86.Build.0 = Debug|Win32
		{F498ED89-CBEC-4ED8-90F8-D31CA1CB59D5}.Release|x64.ActiveCfg = Release|x64
		{F498ED89-CBEC-4ED8-90F8-D31CA1CB59D5}.Release|x64.Build.0 = Release|x64
		{F498ED89-CBEC-4ED8-90F8-D31CA1CB59D5}.Release|x86.ActiveCfg = Release|Win32
		{F498ED89-CBEC-4ED8-90F8-D31CA1CB59D5}.Release|x86.Build.0 = Release|Win32
		{03A78A27-53BB-402F-97B6-CDFAADA5E1F0}.Debug|x64.ActiveCfg = Debug|x64
		{03A78A27-53BB-402F-97B6-CDFAADA5E1F0}.Debug|x64.Build.0 = Debug|x64
		{03A78A27-53BB-402F-97B6-CDFAADA5E1F0}.Debug|x86.ActiveCfg = Debug|Win32
		{03A78A27-53BB-402F-97B6-CDFAADA5E1F0}.Debug|x86.Build.0 = Debug|Win32
		{03A78A27-53BB-402F-97B6-CDFAADA5E1F0}.Release|x64.ActiveCfg = Release|x64
		{03A78A27-53BB-402F-97B6-CDFAADA5E1F0}.Release|x64.Build.0 = Release|x64
		{03A78A27-53BB-402F-97B6-CDFAADA5E1F0}.Release|x86.ActiveCfg = Release|Win32
		{03A78A27-53BB-402F-97B6-CDFAADA5E1F0}.Release|x86.Build.0 = Release|Win32
		{8B9D42EC-15E4-4B48-B197-79479255AAC0}.Debug|x64.ActiveCfg = Debug|x64
		{8B9D42EC-15E4-4B48-B197-79479255AAC0}.Debug|x64.Build.0 = Debug|x64
		{8B9D42EC-15E4-4B48-B197-79479255AAC0}.Debug|x86.ActiveCfg = Debug|Win32
		{8B9D42EC-15E4-4B48-B197-79479255AAC0}.Debug|x86.Build.0 = Debug|Win32
		{8B9D42EC-15E4-4B48-B197-79479255AAC0}.Release|x64.ActiveCfg = Release|x64
		{8B9D42EC-15E4-4B48-B197-79479255AAC0}.Release|x64.Build.0 = Release|x64
		{8B9D42EC-15E4-4B48-B197-79479255AAC0}.Release|x86.ActiveCfg = Release|Win32
		{8B9D42EC-15E4-4B48-B197-79479255AAC0}.Release|x86.Build.0 = Release|Win32
		{725A2DAD-B1CC-4583-BB3E-75B55E2BFD77}.Debug|x64.ActiveCfg = Debug|x64
		{725A2DAD-B1CC-4583-BB3E-75B55E2BFD77}.Debug|x64.Build.0 = Debug|x64
		{725A2DAD-B1CC-4583-BB3E-75B55E2BFD77}.Debug|x86.ActiveCfg = Debug|Win32
		{725A2DAD-B1CC-4583-BB3E-75B55E2BFD77}.Debug|x86.Build.0 = Debug|Win32
		{725A2DAD-B1CC-4583-BB3E-75B55E2BFD77}.Release|x64.ActiveCfg = Release|x64
		{725A2DAD-B1CC-4583-BB3E-75B55E2BFD77}.Release|x64.Build.0 = Release|x64
		{725A2DAD-B1CC-4583-BB3E-75B55E2BFD77}.Release|x86.ActiveCfg = Release|Win32
		{725A2DAD-B1CC-4583-BB3E-75B55E2BFD77}.Release|x86.Build.0 = Release|Win32
		{8697233F-23D6-4A7C-BE77-9D488060E322}.Debug|x64.ActiveCfg = Debug|x64
		{8697233F-23D6-4A7C-BE77-9D488060E322}.Debug|x64.Build.0 = Debug|x64
		{8697233F-23D6-4A7C-BE77-9D488060E322}.Debug|x86.ActiveCfg = Debug|Win32
		{8697233F-23D6-4A7C-BE77-9D488060E322}.Debug|x86.Build.0 = Debug|Win32
		{8697233F-23D6-4A7C-BE77-9D488060E322}.Release|x64.ActiveCfg = Release|x64
		{8697233F-23D6-4A7C-BE77-9D488060E322}.Release|x64.Build.0 = Release|x64
		{8697233F-23D6-4A7C-BE77-9D488060E322}.Release|x86.ActiveCfg = Release|Win32
		{8697233F-23D6-4A7C-BE77-9D488060E322}.Release|x86.Build.0 = Release|Win32
		{F116170B-07B4-47CB-B64A-9D9528ED936A}.Debug|x64.ActiveCfg = Debug|x64
		{F116170B-07B4-47CB-B64A-9D9528ED936A}.Debug|x64.Build.0 = Debug|x64
		{F116170B-07B4-47CB-B64A-9D9528ED936A}.Debug|x86.ActiveCfg = Debug|Win32
		{F116170B-07B4-47CB-B64A-9D9528ED936A}.Debug|x86.Build.0 = Debug|Win32
		{F116170B-07B4-47CB-B64A-9D9528ED936A}.Release|x64.ActiveCfg = Release|x64
		{F116170B-07B4-47CB-B64A-9D9528ED936A}.Release|x64.Build.0 = Release|x64
		{F116170B-07B4-47CB-B64A-9D9528ED936A}.Release|x86.ActiveCfg = Release|Win32
		{F116170B-07B4-47CB-B64A-9D9528ED936A}.Release|x86.Build.0 = Release|Win32
		{D3F391ED-C5FD-48CF-84E8-F2694CDCFBD2}.Debug|x64.ActiveCfg = Debug|x64
		{D3F391ED-C5FD-48CF-84E8-F2694CDCFBD2}.Debug|x64.Build.0 = Debug|x64
		{D3F391ED-C5FD-48CF-84E8-F2694CDCFBD2}.Debug|x86.ActiveCfg = Debug|Win32
		{D3F391ED-C5FD-48CF-84E8-F2694CDCFBD2}.Debug|x86.Build.0 = Debug|Win32
		{D3F391ED-C5FD-48CF-84E8-F2694CDCFBD2}.Release|x64.ActiveCfg = Release|x64
		{D3F391ED-C5FD-48CF-84E8-F2694CDCFBD2}.Release|x64.Build.0 = Release|x64
		{D3F391ED-C5FD-48CF-84E8-F2694CDCFBD2}.Release|x86.ActiveCfg = Release|Win32
		{D3F391ED-C5FD-48CF-84E8-F2694CDCFBD2}.Release|x86.Build.0 = Release|Win32
		{001DD1F1-C3BF-4F06-9BEC-1C5E2B408EFE}.Debug|x64.ActiveCfg = Debug|x64
		{001DD1F1-C3BF-4F06-9BEC-1C5E2B408EFE}.Debug|x64.Build.0 = Debug|x64
		{001DD1F1-C3BF-4F06-9BEC-1C5E2B408EFE}.Debug|x86.ActiveCfg = Debug|Win32
		{001DD1F1-C3BF-4F06-9BEC-1C5E2B408EFE}.Debug|x86.Build.0 = Debug|Win32
		{001DD1F1-C3BF-4F06-9BEC-1C5E2B408EFE}.Release|x64.ActiveCfg = Release|x64
		{001DD1F1-C3BF-4F06-9BEC-1C5E2B408EFE}.Release|x64.Build.0 = Release|x64
		{001DD1F1-C3BF-4F06-9BEC-1C5E2B408EFE}.Release|x86.ActiveCfg = Release|Win32
		{001DD1F1-C3BF-4F06-9BEC-1C5E2B408EFE}.Release|x86.Build.0 = Release|Win32
		{A70AEE17-AAC7-4BA9-9E4F-280068CDB6E2}.Debug|x64.ActiveCfg = Debug|x64
		{A70AEE17-AAC7-4BA9-9E4F-280068CDB6E2}.Debug|x64.Build.0 = Debug|x64
		{A70AEE17-AAC7-4BA9-9E4F-280068CDB6E2}.Debug|x86.ActiveCfg = Debug|Win32
		{A70AEE17-AAC7-4BA9-9E4F-280068CDB6E2}.Debug|x86.Build.0 = Debug|Win32
		{A70AEE17-AAC7-4BA9-9E4F-280068CDB6E2}.Release|x64.ActiveCfg = Release|x64
		{A70AEE17-AAC7-4BA9-9E4F-280068CDB6E2}.Release|x64.Build.0 = Release|x64
		{A70AEE17-AAC7-4BA9-9E4F-280068CDB6E2}.Release|x86.ActiveCfg = Release|Win32
		{A70AEE17-AAC7-4BA9-9E4F-280068CDB6E2}.Release|x86.Build.0 = Release|Win32
		{61C86523-D851-4877-BC0B-DB1F73D6089E}.Debug|x64.ActiveCfg = Debug|x64
		{61C86523-D851-4877-BC0B-DB1F73D6089E}.Debug|x64.Build.0 = Debug|x64
		{61C86523-D851-4877-BC0B-DB1F73D6089E}.Debug|x86.ActiveCfg = Debug|Win32
		{61C86523-D851-4877-BC0B-DB1F73D6089E}.Debug|x86.Build.0 = Debug|Win32
		{61C86523-D851-4877-BC0B-DB1F73D6089E}.Release|x64.ActiveCfg = Release|x64
		{61C86523-D851-4877-BC0B-DB1F73D6089E}.Release|x64.Build.0 = Release|x64
		{61C86523-D851-4877-BC0B-DB1F73D6089E}.Release|x86.ActiveCfg = Release|Win32
		{61C86523-D851-4877-BC0B-DB1F73D6089E}.Release|x86.Build.0 = Release|Win32
		{00C53CB9-2FCF-42A4-ACA2-770D243BBD06}.Debug|x64.ActiveCfg = Debug|x64
		{00C53CB9-2FCF-42A4-ACA2-770D243BBD06}.Debug|x64.Build.0 = Debug|x64
		{00C53CB9-2FCF-42A4-ACA2-770D243BBD06}.Debug|x86.ActiveCfg = Debug|Win32
		{00C53CB9-2FCF-42A4-ACA2-770D243BBD06}.Debug|x86.Build.0 = Debug|Win32
		{00C53CB9-2FCF-42A4-ACA2-770D243BBD06}.Release|x64.ActiveCfg = Release|x64
		{00C53CB9-2FCF-42A4-ACA2-770D243BBD06}.Release|x64.Build.0 = Release|x64
		{00C53CB9-2FCF-42A4-ACA2-770D243BBD06}.Release|x86.ActiveCfg = Release|Win32
		{00C53CB9-2FCF-42A4-ACA2-770D243BBD06}.Release|x86.Build.0 = Release|Win32
	EndGlobalSection
	GlobalSection(SolutionProperties) = preSolution
		HideSolutionNode = FALSE
	EndGlobalSection
	GlobalSection(ExtensibilityGlobals) = postSolution
		SolutionGuid = {CCECB81A-CC63-4B33-9472-2B4045A88448}
	EndGlobalSection
EndGlobal
